
Microsoft Visual Studio Solution File, Format Version 11.00
# Visual Studio 2010
Project("{8BC9CEB8-8B4A-11D0-8D11-00A0C91BC942}") = "SmoothStreamingPlayer", "SmoothStreamingPlayer\SmoothStreamingPlayer\SmoothStreamingPlayer.vcxproj", "{BD65B71F-C79C-4F50-9949-C49EF6CA2A57}"
EndProject
Project("{FAE04EC0-301F-11D3-BF4B-00C04F79EFBC}") = "SmoothStreamingPlayerApplication", "SmoothStreamingPlayer\SmoothStreamingPlayerApplication\SmoothStreamingPlayerApplication.csproj", "{337A5C01-5F34-40BD-8F0B-011C25726EA5}"
EndProject
Project("{FAE04EC0-301F-11D3-BF4B-00C04F79EFBC}") = "Newtonsoft.Json", "Newtonsoft.Json\Newtonsoft.Json.csproj", "{7A7F70AB-5C07-47ED-BDD2-ECC14DBACA5E}"
EndProject
Project("{FAE04EC0-301F-11D3-BF4B-00C04F79EFBC}") = "Youbora.Analytics.Models", "Youbora.Analytics.Models\Youbora.Analytics.Models.csproj", "{4172E5E9-E9EF-4C47-A4EF-D22C966C493E}"
EndProject
Project("{FAE04EC0-301F-11D3-BF4B-00C04F79EFBC}") = "Youbora.Analytics.Providers", "Youbora.Analytics.Providers\Youbora.Analytics.Providers.csproj", "{270D73C6-BF82-4DAB-8B76-E82024588AD2}"
EndProject
Project("{FAE04EC0-301F-11D3-BF4B-00C04F79EFBC}") = "Youbora.Analytics.Player", "Youbora.Analytics.Player\Youbora.Analytics.Player.csproj", "{366750C8-087D-42C5-A43C-4749F040CFBB}"
EndProject
Global
	GlobalSection(SolutionConfigurationPlatforms) = preSolution
		Debug|Any CPU = Debug|Any CPU
		Debug|Mixed Platforms = Debug|Mixed Platforms
		Debug|Xbox 360 = Debug|Xbox 360
		Release|Any CPU = Release|Any CPU
		Release|Mixed Platforms = Release|Mixed Platforms
		Release|Xbox 360 = Release|Xbox 360
		Submission|Any CPU = Submission|Any CPU
		Submission|Mixed Platforms = Submission|Mixed Platforms
		Submission|Xbox 360 = Submission|Xbox 360
		SubmissionTesting|Any CPU = SubmissionTesting|Any CPU
		SubmissionTesting|Mixed Platforms = SubmissionTesting|Mixed Platforms
		SubmissionTesting|Xbox 360 = SubmissionTesting|Xbox 360
		Testing|Any CPU = Testing|Any CPU
		Testing|Mixed Platforms = Testing|Mixed Platforms
		Testing|Xbox 360 = Testing|Xbox 360
	EndGlobalSection
	GlobalSection(ProjectConfigurationPlatforms) = postSolution
		{BD65B71F-C79C-4F50-9949-C49EF6CA2A57}.Debug|Any CPU.ActiveCfg = Debug|Xbox 360
		{BD65B71F-C79C-4F50-9949-C49EF6CA2A57}.Debug|Mixed Platforms.ActiveCfg = Debug|Xbox 360
		{BD65B71F-C79C-4F50-9949-C49EF6CA2A57}.Debug|Mixed Platforms.Build.0 = Debug|Xbox 360
		{BD65B71F-C79C-4F50-9949-C49EF6CA2A57}.Debug|Mixed Platforms.Deploy.0 = Debug|Xbox 360
		{BD65B71F-C79C-4F50-9949-C49EF6CA2A57}.Debug|Xbox 360.ActiveCfg = Debug|Xbox 360
		{BD65B71F-C79C-4F50-9949-C49EF6CA2A57}.Debug|Xbox 360.Build.0 = Debug|Xbox 360
		{BD65B71F-C79C-4F50-9949-C49EF6CA2A57}.Debug|Xbox 360.Deploy.0 = Debug|Xbox 360
		{BD65B71F-C79C-4F50-9949-C49EF6CA2A57}.Release|Any CPU.ActiveCfg = Release|Xbox 360
		{BD65B71F-C79C-4F50-9949-C49EF6CA2A57}.Release|Mixed Platforms.ActiveCfg = Release|Xbox 360
		{BD65B71F-C79C-4F50-9949-C49EF6CA2A57}.Release|Mixed Platforms.Build.0 = Release|Xbox 360
		{BD65B71F-C79C-4F50-9949-C49EF6CA2A57}.Release|Mixed Platforms.Deploy.0 = Release|Xbox 360
		{BD65B71F-C79C-4F50-9949-C49EF6CA2A57}.Release|Xbox 360.ActiveCfg = Release|Xbox 360
		{BD65B71F-C79C-4F50-9949-C49EF6CA2A57}.Release|Xbox 360.Build.0 = Release|Xbox 360
		{BD65B71F-C79C-4F50-9949-C49EF6CA2A57}.Release|Xbox 360.Deploy.0 = Release|Xbox 360
		{BD65B71F-C79C-4F50-9949-C49EF6CA2A57}.Submission|Any CPU.ActiveCfg = Submission|Xbox 360
		{BD65B71F-C79C-4F50-9949-C49EF6CA2A57}.Submission|Mixed Platforms.ActiveCfg = Submission|Xbox 360
		{BD65B71F-C79C-4F50-9949-C49EF6CA2A57}.Submission|Mixed Platforms.Build.0 = Submission|Xbox 360
		{BD65B71F-C79C-4F50-9949-C49EF6CA2A57}.Submission|Mixed Platforms.Deploy.0 = Submission|Xbox 360
		{BD65B71F-C79C-4F50-9949-C49EF6CA2A57}.Submission|Xbox 360.ActiveCfg = Submission|Xbox 360
		{BD65B71F-C79C-4F50-9949-C49EF6CA2A57}.Submission|Xbox 360.Build.0 = Submission|Xbox 360
		{BD65B71F-C79C-4F50-9949-C49EF6CA2A57}.Submission|Xbox 360.Deploy.0 = Submission|Xbox 360
		{BD65B71F-C79C-4F50-9949-C49EF6CA2A57}.SubmissionTesting|Any CPU.ActiveCfg = Submission|Xbox 360
		{BD65B71F-C79C-4F50-9949-C49EF6CA2A57}.SubmissionTesting|Mixed Platforms.ActiveCfg = Submission|Xbox 360
		{BD65B71F-C79C-4F50-9949-C49EF6CA2A57}.SubmissionTesting|Mixed Platforms.Build.0 = Submission|Xbox 360
		{BD65B71F-C79C-4F50-9949-C49EF6CA2A57}.SubmissionTesting|Mixed Platforms.Deploy.0 = Submission|Xbox 360
		{BD65B71F-C79C-4F50-9949-C49EF6CA2A57}.SubmissionTesting|Xbox 360.ActiveCfg = Submission|Xbox 360
		{BD65B71F-C79C-4F50-9949-C49EF6CA2A57}.SubmissionTesting|Xbox 360.Build.0 = Submission|Xbox 360
		{BD65B71F-C79C-4F50-9949-C49EF6CA2A57}.SubmissionTesting|Xbox 360.Deploy.0 = Submission|Xbox 360
		{BD65B71F-C79C-4F50-9949-C49EF6CA2A57}.Testing|Any CPU.ActiveCfg = Submission|Xbox 360
		{BD65B71F-C79C-4F50-9949-C49EF6CA2A57}.Testing|Mixed Platforms.ActiveCfg = Submission|Xbox 360
		{BD65B71F-C79C-4F50-9949-C49EF6CA2A57}.Testing|Mixed Platforms.Build.0 = Submission|Xbox 360
		{BD65B71F-C79C-4F50-9949-C49EF6CA2A57}.Testing|Mixed Platforms.Deploy.0 = Submission|Xbox 360
		{BD65B71F-C79C-4F50-9949-C49EF6CA2A57}.Testing|Xbox 360.ActiveCfg = Submission|Xbox 360
		{BD65B71F-C79C-4F50-9949-C49EF6CA2A57}.Testing|Xbox 360.Build.0 = Submission|Xbox 360
		{BD65B71F-C79C-4F50-9949-C49EF6CA2A57}.Testing|Xbox 360.Deploy.0 = Submission|Xbox 360
		{337A5C01-5F34-40BD-8F0B-011C25726EA5}.Debug|Any CPU.ActiveCfg = Debug|Any CPU
		{337A5C01-5F34-40BD-8F0B-011C25726EA5}.Debug|Any CPU.Build.0 = Debug|Any CPU
		{337A5C01-5F34-40BD-8F0B-011C25726EA5}.Debug|Mixed Platforms.ActiveCfg = Debug|Any CPU
		{337A5C01-5F34-40BD-8F0B-011C25726EA5}.Debug|Mixed Platforms.Build.0 = Debug|Any CPU
		{337A5C01-5F34-40BD-8F0B-011C25726EA5}.Debug|Xbox 360.ActiveCfg = Debug|Any CPU
		{337A5C01-5F34-40BD-8F0B-011C25726EA5}.Release|Any CPU.ActiveCfg = Release|Any CPU
		{337A5C01-5F34-40BD-8F0B-011C25726EA5}.Release|Any CPU.Build.0 = Release|Any CPU
		{337A5C01-5F34-40BD-8F0B-011C25726EA5}.Release|Mixed Platforms.ActiveCfg = Release|Any CPU
		{337A5C01-5F34-40BD-8F0B-011C25726EA5}.Release|Mixed Platforms.Build.0 = Release|Any CPU
		{337A5C01-5F34-40BD-8F0B-011C25726EA5}.Release|Xbox 360.ActiveCfg = Release|Any CPU
		{337A5C01-5F34-40BD-8F0B-011C25726EA5}.Submission|Any CPU.ActiveCfg = Release|Any CPU
		{337A5C01-5F34-40BD-8F0B-011C25726EA5}.Submission|Any CPU.Build.0 = Release|Any CPU
		{337A5C01-5F34-40BD-8F0B-011C25726EA5}.Submission|Mixed Platforms.ActiveCfg = Release|Any CPU
		{337A5C01-5F34-40BD-8F0B-011C25726EA5}.Submission|Mixed Platforms.Build.0 = Release|Any CPU
		{337A5C01-5F34-40BD-8F0B-011C25726EA5}.Submission|Xbox 360.ActiveCfg = Release|Any CPU
		{337A5C01-5F34-40BD-8F0B-011C25726EA5}.SubmissionTesting|Any CPU.ActiveCfg = Release|Any CPU
		{337A5C01-5F34-40BD-8F0B-011C25726EA5}.SubmissionTesting|Any CPU.Build.0 = Release|Any CPU
		{337A5C01-5F34-40BD-8F0B-011C25726EA5}.SubmissionTesting|Mixed Platforms.ActiveCfg = Release|Any CPU
		{337A5C01-5F34-40BD-8F0B-011C25726EA5}.SubmissionTesting|Mixed Platforms.Build.0 = Release|Any CPU
		{337A5C01-5F34-40BD-8F0B-011C25726EA5}.SubmissionTesting|Xbox 360.ActiveCfg = Release|Any CPU
		{337A5C01-5F34-40BD-8F0B-011C25726EA5}.Testing|Any CPU.ActiveCfg = Release|Any CPU
		{337A5C01-5F34-40BD-8F0B-011C25726EA5}.Testing|Any CPU.Build.0 = Release|Any CPU
		{337A5C01-5F34-40BD-8F0B-011C25726EA5}.Testing|Mixed Platforms.ActiveCfg = Release|Any CPU
		{337A5C01-5F34-40BD-8F0B-011C25726EA5}.Testing|Mixed Platforms.Build.0 = Release|Any CPU
		{337A5C01-5F34-40BD-8F0B-011C25726EA5}.Testing|Xbox 360.ActiveCfg = Release|Any CPU
		{7A7F70AB-5C07-47ED-BDD2-ECC14DBACA5E}.Debug|Any CPU.ActiveCfg = Debug|Any CPU
		{7A7F70AB-5C07-47ED-BDD2-ECC14DBACA5E}.Debug|Any CPU.Build.0 = Debug|Any CPU
		{7A7F70AB-5C07-47ED-BDD2-ECC14DBACA5E}.Debug|Mixed Platforms.ActiveCfg = Debug|Any CPU
		{7A7F70AB-5C07-47ED-BDD2-ECC14DBACA5E}.Debug|Mixed Platforms.Build.0 = Debug|Any CPU
		{7A7F70AB-5C07-47ED-BDD2-ECC14DBACA5E}.Debug|Xbox 360.ActiveCfg = Debug|Any CPU
		{7A7F70AB-5C07-47ED-BDD2-ECC14DBACA5E}.Release|Any CPU.ActiveCfg = Release|Any CPU
		{7A7F70AB-5C07-47ED-BDD2-ECC14DBACA5E}.Release|Any CPU.Build.0 = Release|Any CPU
		{7A7F70AB-5C07-47ED-BDD2-ECC14DBACA5E}.Release|Mixed Platforms.ActiveCfg = Release|Any CPU
		{7A7F70AB-5C07-47ED-BDD2-ECC14DBACA5E}.Release|Mixed Platforms.Build.0 = Release|Any CPU
		{7A7F70AB-5C07-47ED-BDD2-ECC14DBACA5E}.Release|Xbox 360.ActiveCfg = Release|Any CPU
		{7A7F70AB-5C07-47ED-BDD2-ECC14DBACA5E}.Submission|Any CPU.ActiveCfg = SubmissionTesting|Any CPU
		{7A7F70AB-5C07-47ED-BDD2-ECC14DBACA5E}.Submission|Any CPU.Build.0 = SubmissionTesting|Any CPU
		{7A7F70AB-5C07-47ED-BDD2-ECC14DBACA5E}.Submission|Mixed Platforms.ActiveCfg = SubmissionTesting|Any CPU
		{7A7F70AB-5C07-47ED-BDD2-ECC14DBACA5E}.Submission|Mixed Platforms.Build.0 = SubmissionTesting|Any CPU
		{7A7F70AB-5C07-47ED-BDD2-ECC14DBACA5E}.Submission|Xbox 360.ActiveCfg = SubmissionTesting|Any CPU
		{7A7F70AB-5C07-47ED-BDD2-ECC14DBACA5E}.SubmissionTesting|Any CPU.ActiveCfg = SubmissionTesting|Any CPU
		{7A7F70AB-5C07-47ED-BDD2-ECC14DBACA5E}.SubmissionTesting|Any CPU.Build.0 = SubmissionTesting|Any CPU
		{7A7F70AB-5C07-47ED-BDD2-ECC14DBACA5E}.SubmissionTesting|Mixed Platforms.ActiveCfg = SubmissionTesting|Any CPU
		{7A7F70AB-5C07-47ED-BDD2-ECC14DBACA5E}.SubmissionTesting|Mixed Platforms.Build.0 = SubmissionTesting|Any CPU
		{7A7F70AB-5C07-47ED-BDD2-ECC14DBACA5E}.SubmissionTesting|Xbox 360.ActiveCfg = SubmissionTesting|Any CPU
		{7A7F70AB-5C07-47ED-BDD2-ECC14DBACA5E}.Testing|Any CPU.ActiveCfg = Testing|Any CPU
		{7A7F70AB-5C07-47ED-BDD2-ECC14DBACA5E}.Testing|Any CPU.Build.0 = Testing|Any CPU
		{7A7F70AB-5C07-47ED-BDD2-ECC14DBACA5E}.Testing|Mixed Platforms.ActiveCfg = Testing|Any CPU
		{7A7F70AB-5C07-47ED-BDD2-ECC14DBACA5E}.Testing|Mixed Platforms.Build.0 = Testing|Any CPU
		{7A7F70AB-5C07-47ED-BDD2-ECC14DBACA5E}.Testing|Xbox 360.ActiveCfg = Testing|Any CPU
		{4172E5E9-E9EF-4C47-A4EF-D22C966C493E}.Debug|Any CPU.ActiveCfg = Debug|Any CPU
		{4172E5E9-E9EF-4C47-A4EF-D22C966C493E}.Debug|Any CPU.Build.0 = Debug|Any CPU
		{4172E5E9-E9EF-4C47-A4EF-D22C966C493E}.Debug|Mixed Platforms.ActiveCfg = Debug|Any CPU
		{4172E5E9-E9EF-4C47-A4EF-D22C966C493E}.Debug|Mixed Platforms.Build.0 = Debug|Any CPU
		{4172E5E9-E9EF-4C47-A4EF-D22C966C493E}.Debug|Xbox 360.ActiveCfg = Debug|Any CPU
		{4172E5E9-E9EF-4C47-A4EF-D22C966C493E}.Release|Any CPU.ActiveCfg = Release|Any CPU
		{4172E5E9-E9EF-4C47-A4EF-D22C966C493E}.Release|Any CPU.Build.0 = Release|Any CPU
		{4172E5E9-E9EF-4C47-A4EF-D22C966C493E}.Release|Mixed Platforms.ActiveCfg = Release|Any CPU
		{4172E5E9-E9EF-4C47-A4EF-D22C966C493E}.Release|Mixed Platforms.Build.0 = Release|Any CPU
		{4172E5E9-E9EF-4C47-A4EF-D22C966C493E}.Release|Xbox 360.ActiveCfg = Release|Any CPU
		{4172E5E9-E9EF-4C47-A4EF-D22C966C493E}.Submission|Any CPU.ActiveCfg = Release|Any CPU
		{4172E5E9-E9EF-4C47-A4EF-D22C966C493E}.Submission|Any CPU.Build.0 = Release|Any CPU
		{4172E5E9-E9EF-4C47-A4EF-D22C966C493E}.Submission|Mixed Platforms.ActiveCfg = Release|Any CPU
		{4172E5E9-E9EF-4C47-A4EF-D22C966C493E}.Submission|Mixed Platforms.Build.0 = Release|Any CPU
		{4172E5E9-E9EF-4C47-A4EF-D22C966C493E}.Submission|Xbox 360.ActiveCfg = Release|Any CPU
		{4172E5E9-E9EF-4C47-A4EF-D22C966C493E}.SubmissionTesting|Any CPU.ActiveCfg = Release|Any CPU
		{4172E5E9-E9EF-4C47-A4EF-D22C966C493E}.SubmissionTesting|Any CPU.Build.0 = Release|Any CPU
		{4172E5E9-E9EF-4C47-A4EF-D22C966C493E}.SubmissionTesting|Mixed Platforms.ActiveCfg = Release|Any CPU
		{4172E5E9-E9EF-4C47-A4EF-D22C966C493E}.SubmissionTesting|Mixed Platforms.Build.0 = Release|Any CPU
		{4172E5E9-E9EF-4C47-A4EF-D22C966C493E}.SubmissionTesting|Xbox 360.ActiveCfg = Release|Any CPU
		{4172E5E9-E9EF-4C47-A4EF-D22C966C493E}.Testing|Any CPU.ActiveCfg = Release|Any CPU
		{4172E5E9-E9EF-4C47-A4EF-D22C966C493E}.Testing|Any CPU.Build.0 = Release|Any CPU
		{4172E5E9-E9EF-4C47-A4EF-D22C966C493E}.Testing|Mixed Platforms.ActiveCfg = Release|Any CPU
		{4172E5E9-E9EF-4C47-A4EF-D22C966C493E}.Testing|Mixed Platforms.Build.0 = Release|Any CPU
		{4172E5E9-E9EF-4C47-A4EF-D22C966C493E}.Testing|Xbox 360.ActiveCfg = Release|Any CPU
		{270D73C6-BF82-4DAB-8B76-E82024588AD2}.Debug|Any CPU.ActiveCfg = Debug|Any CPU
		{270D73C6-BF82-4DAB-8B76-E82024588AD2}.Debug|Any CPU.Build.0 = Debug|Any CPU
		{270D73C6-BF82-4DAB-8B76-E82024588AD2}.Debug|Mixed Platforms.ActiveCfg = Debug|Any CPU
		{270D73C6-BF82-4DAB-8B76-E82024588AD2}.Debug|Mixed Platforms.Build.0 = Debug|Any CPU
		{270D73C6-BF82-4DAB-8B76-E82024588AD2}.Debug|Xbox 360.ActiveCfg = Debug|Any CPU
		{270D73C6-BF82-4DAB-8B76-E82024588AD2}.Release|Any CPU.ActiveCfg = Release|Any CPU
		{270D73C6-BF82-4DAB-8B76-E82024588AD2}.Release|Any CPU.Build.0 = Release|Any CPU
		{270D73C6-BF82-4DAB-8B76-E82024588AD2}.Release|Mixed Platforms.ActiveCfg = Release|Any CPU
		{270D73C6-BF82-4DAB-8B76-E82024588AD2}.Release|Mixed Platforms.Build.0 = Release|Any CPU
		{270D73C6-BF82-4DAB-8B76-E82024588AD2}.Release|Xbox 360.ActiveCfg = Release|Any CPU
		{270D73C6-BF82-4DAB-8B76-E82024588AD2}.Submission|Any CPU.ActiveCfg = Release|Any CPU
		{270D73C6-BF82-4DAB-8B76-E82024588AD2}.Submission|Any CPU.Build.0 = Release|Any CPU
		{270D73C6-BF82-4DAB-8B76-E82024588AD2}.Submission|Mixed Platforms.ActiveCfg = Release|Any CPU
		{270D73C6-BF82-4DAB-8B76-E82024588AD2}.Submission|Mixed Platforms.Build.0 = Release|Any CPU
		{270D73C6-BF82-4DAB-8B76-E82024588AD2}.Submission|Xbox 360.ActiveCfg = Release|Any CPU
		{270D73C6-BF82-4DAB-8B76-E82024588AD2}.SubmissionTesting|Any CPU.ActiveCfg = Release|Any CPU
		{270D73C6-BF82-4DAB-8B76-E82024588AD2}.SubmissionTesting|Any CPU.Build.0 = Release|Any CPU
		{270D73C6-BF82-4DAB-8B76-E82024588AD2}.SubmissionTesting|Mixed Platforms.ActiveCfg = Release|Any CPU
		{270D73C6-BF82-4DAB-8B76-E82024588AD2}.SubmissionTesting|Mixed Platforms.Build.0 = Release|Any CPU
		{270D73C6-BF82-4DAB-8B76-E82024588AD2}.SubmissionTesting|Xbox 360.ActiveCfg = Release|Any CPU
		{270D73C6-BF82-4DAB-8B76-E82024588AD2}.Testing|Any CPU.ActiveCfg = Release|Any CPU
		{270D73C6-BF82-4DAB-8B76-E82024588AD2}.Testing|Any CPU.Build.0 = Release|Any CPU
		{270D73C6-BF82-4DAB-8B76-E82024588AD2}.Testing|Mixed Platforms.ActiveCfg = Release|Any CPU
		{270D73C6-BF82-4DAB-8B76-E82024588AD2}.Testing|Mixed Platforms.Build.0 = Release|Any CPU
		{270D73C6-BF82-4DAB-8B76-E82024588AD2}.Testing|Xbox 360.ActiveCfg = Release|Any CPU
		{366750C8-087D-42C5-A43C-4749F040CFBB}.Debug|Any CPU.ActiveCfg = Debug|Any CPU
		{366750C8-087D-42C5-A43C-4749F040CFBB}.Debug|Any CPU.Build.0 = Debug|Any CPU
		{366750C8-087D-42C5-A43C-4749F040CFBB}.Debug|Mixed Platforms.ActiveCfg = Debug|Any CPU
		{366750C8-087D-42C5-A43C-4749F040CFBB}.Debug|Mixed Platforms.Build.0 = Debug|Any CPU
		{366750C8-087D-42C5-A43C-4749F040CFBB}.Debug|Xbox 360.ActiveCfg = Debug|Any CPU
		{366750C8-087D-42C5-A43C-4749F040CFBB}.Release|Any CPU.ActiveCfg = Release|Any CPU
		{366750C8-087D-42C5-A43C-4749F040CFBB}.Release|Any CPU.Build.0 = Release|Any CPU
		{366750C8-087D-42C5-A43C-4749F040CFBB}.Release|Mixed Platforms.ActiveCfg = Release|Any CPU
		{366750C8-087D-42C5-A43C-4749F040CFBB}.Release|Mixed Platforms.Build.0 = Release|Any CPU
		{366750C8-087D-42C5-A43C-4749F040CFBB}.Release|Xbox 360.ActiveCfg = Release|Any CPU
		{366750C8-087D-42C5-A43C-4749F040CFBB}.Submission|Any CPU.ActiveCfg = Release|Any CPU
		{366750C8-087D-42C5-A43C-4749F040CFBB}.Submission|Any CPU.Build.0 = Release|Any CPU
		{366750C8-087D-42C5-A43C-4749F040CFBB}.Submission|Mixed Platforms.ActiveCfg = Release|Any CPU
		{366750C8-087D-42C5-A43C-4749F040CFBB}.Submission|Mixed Platforms.Build.0 = Release|Any CPU
		{366750C8-087D-42C5-A43C-4749F040CFBB}.Submission|Xbox 360.ActiveCfg = Release|Any CPU
		{366750C8-087D-42C5-A43C-4749F040CFBB}.SubmissionTesting|Any CPU.ActiveCfg = Release|Any CPU
		{366750C8-087D-42C5-A43C-4749F040CFBB}.SubmissionTesting|Any CPU.Build.0 = Release|Any CPU
		{366750C8-087D-42C5-A43C-4749F040CFBB}.SubmissionTesting|Mixed Platforms.ActiveCfg = Release|Any CPU
		{366750C8-087D-42C5-A43C-4749F040CFBB}.SubmissionTesting|Mixed Platforms.Build.0 = Release|Any CPU
		{366750C8-087D-42C5-A43C-4749F040CFBB}.SubmissionTesting|Xbox 360.ActiveCfg = Release|Any CPU
		{366750C8-087D-42C5-A43C-4749F040CFBB}.Testing|Any CPU.ActiveCfg = Release|Any CPU
		{366750C8-087D-42C5-A43C-4749F040CFBB}.Testing|Any CPU.Build.0 = Release|Any CPU
		{366750C8-087D-42C5-A43C-4749F040CFBB}.Testing|Mixed Platforms.ActiveCfg = Release|Any CPU
		{366750C8-087D-42C5-A43C-4749F040CFBB}.Testing|Mixed Platforms.Build.0 = Release|Any CPU
		{366750C8-087D-42C5-A43C-4749F040CFBB}.Testing|Xbox 360.ActiveCfg = Release|Any CPU
	EndGlobalSection
	GlobalSection(SolutionProperties) = preSolution
		HideSolutionNode = FALSE
	EndGlobalSection
EndGlobal
